
Microsoft Visual Studio Solution File, Format Version 12.00
# Visual Studio Version 16
VisualStudioVersion = 16.0.31729.503
MinimumVisualStudioVersion = 10.0.40219.1
Project("{9A19103F-16F7-4668-BE54-9A1E7A4F7556}") = "TokenBased", "TokenBased.csproj", "{CA70460A-5423-45B4-A1B8-3F1ADC9B8044}"
EndProject
Global
	GlobalSection(SolutionConfigurationPlatforms) = preSolution
		Debug|Any CPU = Debug|Any CPU
		Release|Any CPU = Release|Any CPU
	EndGlobalSection
	GlobalSection(ProjectConfigurationPlatforms) = postSolution
		{CA70460A-5423-45B4-A1B8-3F1ADC9B8044}.Debug|Any CPU.ActiveCfg = Debug|Any CPU
		{CA70460A-5423-45B4-A1B8-3F1ADC9B8044}.Debug|Any CPU.Build.0 = Debug|Any CPU
		{CA70460A-5423-45B4-A1B8-3F1ADC9B8044}.Release|Any CPU.ActiveCfg = Release|Any CPU
		{CA70460A-5423-45B4-A1B8-3F1ADC9B8044}.Release|Any CPU.Build.0 = Release|Any CPU
	EndGlobalSection
	GlobalSection(SolutionProperties) = preSolution
		HideSolutionNode = FALSE
	EndGlobalSection
	GlobalSection(ExtensibilityGlobals) = postSolution
		SolutionGuid = {1149803A-E4B7-476E-96A8-D85E804C3DCF}
	EndGlobalSection
EndGlobal
